
Microsoft Visual Studio Solution File, Format Version 12.00
# Visual Studio Version 17
VisualStudioVersion = 17.14.36616.10
MinimumVisualStudioVersion = 10.0.40219.1
Project("{FAE04EC0-301F-11D3-BF4B-00C04F79EFBC}") = "MinimalVoiceAgent", "MinimalVoiceAgent.csproj", "{B787509E-9734-A167-5B21-45808D300B26}"
EndProject
Project("{FAE04EC0-301F-11D3-BF4B-00C04F79EFBC}") = "MinimalSileroVAD.Core", "..\MinimalSileroVad\MinimalSileroVAD.Core\MinimalSileroVAD.Core.csproj", "{9233E94B-0318-CC8B-77BC-B620649A03AB}"
EndProject
Project("{8BC9CEB8-8B4A-11D0-8D11-00A0C91BC942}") = "ScreenyDimmery", "..\ScreenyDimmery\ScreenyDimmery\ScreenyDimmery.vcxproj", "{4BE034A9-37C4-8658-186E-C502F8CE8194}"
EndProject
Project("{FAE04EC0-301F-11D3-BF4B-00C04F79EFBC}") = "WakeWordTrainingDataGenerator", "..\WakeWordTrainingDataGenerator\WakeWordTrainingDataGenerator.csproj", "{49731A82-3B25-4863-8362-09CED9F95D9F}"
EndProject
Project("{FAE04EC0-301F-11D3-BF4B-00C04F79EFBC}") = "SoundTouch.Net.NAudioSupport", "..\soundtouch.net\src\SoundTouch.Net.NAudioSupport\SoundTouch.Net.NAudioSupport.csproj", "{2AF88131-CDD7-1AEE-B2B6-3C0CE6881314}"
EndProject
Project("{FAE04EC0-301F-11D3-BF4B-00C04F79EFBC}") = "SoundTouch.Net", "..\soundtouch.net\src\SoundTouch.Net\SoundTouch.Net.csproj", "{DA680D2E-9694-5FF7-8CFC-195AACAC814A}"
EndProject
Project("{FAE04EC0-301F-11D3-BF4B-00C04F79EFBC}") = "SoundTouch.Net.NAudioSupport.Core", "..\soundtouch.net\src\SoundTouch.Net.NAudioSupport.Core\SoundTouch.Net.NAudioSupport.Core.csproj", "{055676AA-BE7D-4D72-C6E3-44F8AA0331CC}"
EndProject
Global
	GlobalSection(SolutionConfigurationPlatforms) = preSolution
		Debug|Any CPU = Debug|Any CPU
		Debug|x64 = Debug|x64
		Debug|x86 = Debug|x86
		Release|Any CPU = Release|Any CPU
		Release|x64 = Release|x64
		Release|x86 = Release|x86
	EndGlobalSection
	GlobalSection(ProjectConfigurationPlatforms) = postSolution
		{B787509E-9734-A167-5B21-45808D300B26}.Debug|Any CPU.ActiveCfg = Debug|Any CPU
		{B787509E-9734-A167-5B21-45808D300B26}.Debug|Any CPU.Build.0 = Debug|Any CPU
		{B787509E-9734-A167-5B21-45808D300B26}.Debug|x64.ActiveCfg = Debug|Any CPU
		{B787509E-9734-A167-5B21-45808D300B26}.Debug|x64.Build.0 = Debug|Any CPU
		{B787509E-9734-A167-5B21-45808D300B26}.Debug|x86.ActiveCfg = Debug|Any CPU
		{B787509E-9734-A167-5B21-45808D300B26}.Debug|x86.Build.0 = Debug|Any CPU
		{B787509E-9734-A167-5B21-45808D300B26}.Release|Any CPU.ActiveCfg = Release|Any CPU
		{B787509E-9734-A167-5B21-45808D300B26}.Release|Any CPU.Build.0 = Release|Any CPU
		{B787509E-9734-A167-5B21-45808D300B26}.Release|x64.ActiveCfg = Release|Any CPU
		{B787509E-9734-A167-5B21-45808D300B26}.Release|x64.Build.0 = Release|Any CPU
		{B787509E-9734-A167-5B21-45808D300B26}.Release|x86.ActiveCfg = Release|Any CPU
		{B787509E-9734-A167-5B21-45808D300B26}.Release|x86.Build.0 = Release|Any CPU
		{9233E94B-0318-CC8B-77BC-B620649A03AB}.Debug|Any CPU.ActiveCfg = Debug|Any CPU
		{9233E94B-0318-CC8B-77BC-B620649A03AB}.Debug|Any CPU.Build.0 = Debug|Any CPU
		{9233E94B-0318-CC8B-77BC-B620649A03AB}.Debug|x64.ActiveCfg = Debug|Any CPU
		{9233E94B-0318-CC8B-77BC-B620649A03AB}.Debug|x64.Build.0 = Debug|Any CPU
		{9233E94B-0318-CC8B-77BC-B620649A03AB}.Debug|x86.ActiveCfg = Debug|Any CPU
		{9233E94B-0318-CC8B-77BC-B620649A03AB}.Debug|x86.Build.0 = Debug|Any CPU
		{9233E94B-0318-CC8B-77BC-B620649A03AB}.Release|Any CPU.ActiveCfg = Release|Any CPU
		{9233E94B-0318-CC8B-77BC-B620649A03AB}.Release|Any CPU.Build.0 = Release|Any CPU
		{9233E94B-0318-CC8B-77BC-B620649A03AB}.Release|x64.ActiveCfg = Release|Any CPU
		{9233E94B-0318-CC8B-77BC-B620649A03AB}.Release|x64.Build.0 = Release|Any CPU
		{9233E94B-0318-CC8B-77BC-B620649A03AB}.Release|x86.ActiveCfg = Release|Any CPU
		{9233E94B-0318-CC8B-77BC-B620649A03AB}.Release|x86.Build.0 = Release|Any CPU
		{4BE034A9-37C4-8658-186E-C502F8CE8194}.Debug|Any CPU.ActiveCfg = Debug|x64
		{4BE034A9-37C4-8658-186E-C502F8CE8194}.Debug|Any CPU.Build.0 = Debug|x64
		{4BE034A9-37C4-8658-186E-C502F8CE8194}.Debug|x64.ActiveCfg = Debug|x64
		{4BE034A9-37C4-8658-186E-C502F8CE8194}.Debug|x64.Build.0 = Debug|x64
		{4BE034A9-37C4-8658-186E-C502F8CE8194}.Debug|x86.ActiveCfg = Debug|Win32
		{4BE034A9-37C4-8658-186E-C502F8CE8194}.Debug|x86.Build.0 = Debug|Win32
		{4BE034A9-37C4-8658-186E-C502F8CE8194}.Release|Any CPU.ActiveCfg = Release|x64
		{4BE034A9-37C4-8658-186E-C502F8CE8194}.Release|Any CPU.Build.0 = Release|x64
		{4BE034A9-37C4-8658-186E-C502F8CE8194}.Release|x64.ActiveCfg = Release|x64
		{4BE034A9-37C4-8658-186E-C502F8CE8194}.Release|x64.Build.0 = Release|x64
		{4BE034A9-37C4-8658-186E-C502F8CE8194}.Release|x86.ActiveCfg = Release|Win32
		{4BE034A9-37C4-8658-186E-C502F8CE8194}.Release|x86.Build.0 = Release|Win32
		{49731A82-3B25-4863-8362-09CED9F95D9F}.Debug|Any CPU.ActiveCfg = Debug|Any CPU
		{49731A82-3B25-4863-8362-09CED9F95D9F}.Debug|Any CPU.Build.0 = Debug|Any CPU
		{49731A82-3B25-4863-8362-09CED9F95D9F}.Debug|x64.ActiveCfg = Debug|Any CPU
		{49731A82-3B25-4863-8362-09CED9F95D9F}.Debug|x64.Build.0 = Debug|Any CPU
		{49731A82-3B25-4863-8362-09CED9F95D9F}.Debug|x86.ActiveCfg = Debug|Any CPU
		{49731A82-3B25-4863-8362-09CED9F95D9F}.Debug|x86.Build.0 = Debug|Any CPU
		{49731A82-3B25-4863-8362-09CED9F95D9F}.Release|Any CPU.ActiveCfg = Release|Any CPU
		{49731A82-3B25-4863-8362-09CED9F95D9F}.Release|Any CPU.Build.0 = Release|Any CPU
		{49731A82-3B25-4863-8362-09CED9F95D9F}.Release|x64.ActiveCfg = Release|Any CPU
		{49731A82-3B25-4863-8362-09CED9F95D9F}.Release|x64.Build.0 = Release|Any CPU
		{49731A82-3B25-4863-8362-09CED9F95D9F}.Release|x86.ActiveCfg = Release|Any CPU
		{49731A82-3B25-4863-8362-09CED9F95D9F}.Release|x86.Build.0 = Release|Any CPU
		{2AF88131-CDD7-1AEE-B2B6-3C0CE6881314}.Debug|Any CPU.ActiveCfg = Debug|Any CPU
		{2AF88131-CDD7-1AEE-B2B6-3C0CE6881314}.Debug|Any CPU.Build.0 = Debug|Any CPU
		{2AF88131-CDD7-1AEE-B2B6-3C0CE6881314}.Debug|x64.ActiveCfg = Debug|Any CPU
		{2AF88131-CDD7-1AEE-B2B6-3C0CE6881314}.Debug|x64.Build.0 = Debug|Any CPU
		{2AF88131-CDD7-1AEE-B2B6-3C0CE6881314}.Debug|x86.ActiveCfg = Debug|Any CPU
		{2AF88131-CDD7-1AEE-B2B6-3C0CE6881314}.Debug|x86.Build.0 = Debug|Any CPU
		{2AF88131-CDD7-1AEE-B2B6-3C0CE6881314}.Release|Any CPU.ActiveCfg = Release|Any CPU
		{2AF88131-CDD7-1AEE-B2B6-3C0CE6881314}.Release|Any CPU.Build.0 = Release|Any CPU
		{2AF88131-CDD7-1AEE-B2B6-3C0CE6881314}.Release|x64.ActiveCfg = Release|Any CPU
		{2AF88131-CDD7-1AEE-B2B6-3C0CE6881314}.Release|x64.Build.0 = Release|Any CPU
		{2AF88131-CDD7-1AEE-B2B6-3C0CE6881314}.Release|x86.ActiveCfg = Release|Any CPU
		{2AF88131-CDD7-1AEE-B2B6-3C0CE6881314}.Release|x86.Build.0 = Release|Any CPU
		{DA680D2E-9694-5FF7-8CFC-195AACAC814A}.Debug|Any CPU.ActiveCfg = Debug|Any CPU
		{DA680D2E-9694-5FF7-8CFC-195AACAC814A}.Debug|Any CPU.Build.0 = Debug|Any CPU
		{DA680D2E-9694-5FF7-8CFC-195AACAC814A}.Debug|x64.ActiveCfg = Debug|Any CPU
		{DA680D2E-9694-5FF7-8CFC-195AACAC814A}.Debug|x64.Build.0 = Debug|Any CPU
		{DA680D2E-9694-5FF7-8CFC-195AACAC814A}.Debug|x86.ActiveCfg = Debug|Any CPU
		{DA680D2E-9694-5FF7-8CFC-195AACAC814A}.Debug|x86.Build.0 = Debug|Any CPU
		{DA680D2E-9694-5FF7-8CFC-195AACAC814A}.Release|Any CPU.ActiveCfg = Release|Any CPU
		{DA680D2E-9694-5FF7-8CFC-195AACAC814A}.Release|Any CPU.Build.0 = Release|Any CPU
		{DA680D2E-9694-5FF7-8CFC-195AACAC814A}.Release|x64.ActiveCfg = Release|Any CPU
		{DA680D2E-9694-5FF7-8CFC-195AACAC814A}.Release|x64.Build.0 = Release|Any CPU
		{DA680D2E-9694-5FF7-8CFC-195AACAC814A}.Release|x86.ActiveCfg = Release|Any CPU
		{DA680D2E-9694-5FF7-8CFC-195AACAC814A}.Release|x86.Build.0 = Release|Any CPU
		{055676AA-BE7D-4D72-C6E3-44F8AA0331CC}.Debug|Any CPU.ActiveCfg = Debug|Any CPU
		{055676AA-BE7D-4D72-C6E3-44F8AA0331CC}.Debug|Any CPU.Build.0 = Debug|Any CPU
		{055676AA-BE7D-4D72-C6E3-44F8AA0331CC}.Debug|x64.ActiveCfg = Debug|Any CPU
		{055676AA-BE7D-4D72-C6E3-44F8AA0331CC}.Debug|x64.Build.0 = Debug|Any CPU
		{055676AA-BE7D-4D72-C6E3-44F8AA0331CC}.Debug|x86.ActiveCfg = Debug|Any CPU
		{055676AA-BE7D-4D72-C6E3-44F8AA0331CC}.Debug|x86.Build.0 = Debug|Any CPU
		{055676AA-BE7D-4D72-C6E3-44F8AA0331CC}.Release|Any CPU.ActiveCfg = Release|Any CPU
		{055676AA-BE7D-4D72-C6E3-44F8AA0331CC}.Release|Any CPU.Build.0 = Release|Any CPU
		{055676AA-BE7D-4D72-C6E3-44F8AA0331CC}.Release|x64.ActiveCfg = Release|Any CPU
		{055676AA-BE7D-4D72-C6E3-44F8AA0331CC}.Release|x64.Build.0 = Release|Any CPU
		{055676AA-BE7D-4D72-C6E3-44F8AA0331CC}.Release|x86.ActiveCfg = Release|Any CPU
		{055676AA-BE7D-4D72-C6E3-44F8AA0331CC}.Release|x86.Build.0 = Release|Any CPU
	EndGlobalSection
	GlobalSection(SolutionProperties) = preSolution
		HideSolutionNode = FALSE
	EndGlobalSection
	GlobalSection(ExtensibilityGlobals) = postSolution
		SolutionGuid = {0DB08790-4C34-45CA-BDAD-88FC3ECCD278}
	EndGlobalSection
EndGlobal
