
Microsoft Visual Studio Solution File, Format Version 12.00
# Visual Studio Version 17
VisualStudioVersion = 17.14.36616.10
MinimumVisualStudioVersion = 10.0.40219.1
Project("{FAE04EC0-301F-11D3-BF4B-00C04F79EFBC}") = "MinimalVoiceAgent", "MinimalVoiceAgent.csproj", "{B787509E-9734-A167-5B21-45808D300B26}"
EndProject
Project("{FAE04EC0-301F-11D3-BF4B-00C04F79EFBC}") = "MinimalSileroVAD.Core", "..\MinimalSileroVad\MinimalSileroVAD.Core\MinimalSileroVAD.Core.csproj", "{9233E94B-0318-CC8B-77BC-B620649A03AB}"
EndProject
Project("{8BC9CEB8-8B4A-11D0-8D11-00A0C91BC942}") = "ScreenyDimmery", "..\ScreenyDimmery\ScreenyDimmery\ScreenyDimmery.vcxproj", "{4BE034A9-37C4-8658-186E-C502F8CE8194}"
EndProject
Project("{FAE04EC0-301F-11D3-BF4B-00C04F79EFBC}") = "MinimalTextClassifierTrainAndTest", "..\MinimalTextClassifier\MinimalTextClassifierTrainAndTest.csproj", "{1EDE1A18-D32B-9AEE-187A-49D882725EB7}"
EndProject
Global
	GlobalSection(SolutionConfigurationPlatforms) = preSolution
		Debug|Any CPU = Debug|Any CPU
		Debug|x64 = Debug|x64
		Debug|x86 = Debug|x86
		Release|Any CPU = Release|Any CPU
		Release|x64 = Release|x64
		Release|x86 = Release|x86
	EndGlobalSection
	GlobalSection(ProjectConfigurationPlatforms) = postSolution
		{B787509E-9734-A167-5B21-45808D300B26}.Debug|Any CPU.ActiveCfg = Debug|Any CPU
		{B787509E-9734-A167-5B21-45808D300B26}.Debug|Any CPU.Build.0 = Debug|Any CPU
		{B787509E-9734-A167-5B21-45808D300B26}.Debug|x64.ActiveCfg = Debug|Any CPU
		{B787509E-9734-A167-5B21-45808D300B26}.Debug|x64.Build.0 = Debug|Any CPU
		{B787509E-9734-A167-5B21-45808D300B26}.Debug|x86.ActiveCfg = Debug|Any CPU
		{B787509E-9734-A167-5B21-45808D300B26}.Debug|x86.Build.0 = Debug|Any CPU
		{B787509E-9734-A167-5B21-45808D300B26}.Release|Any CPU.ActiveCfg = Release|Any CPU
		{B787509E-9734-A167-5B21-45808D300B26}.Release|Any CPU.Build.0 = Release|Any CPU
		{B787509E-9734-A167-5B21-45808D300B26}.Release|x64.ActiveCfg = Release|Any CPU
		{B787509E-9734-A167-5B21-45808D300B26}.Release|x64.Build.0 = Release|Any CPU
		{B787509E-9734-A167-5B21-45808D300B26}.Release|x86.ActiveCfg = Release|Any CPU
		{B787509E-9734-A167-5B21-45808D300B26}.Release|x86.Build.0 = Release|Any CPU
		{9233E94B-0318-CC8B-77BC-B620649A03AB}.Debug|Any CPU.ActiveCfg = Debug|Any CPU
		{9233E94B-0318-CC8B-77BC-B620649A03AB}.Debug|Any CPU.Build.0 = Debug|Any CPU
		{9233E94B-0318-CC8B-77BC-B620649A03AB}.Debug|x64.ActiveCfg = Debug|Any CPU
		{9233E94B-0318-CC8B-77BC-B620649A03AB}.Debug|x64.Build.0 = Debug|Any CPU
		{9233E94B-0318-CC8B-77BC-B620649A03AB}.Debug|x86.ActiveCfg = Debug|Any CPU
		{9233E94B-0318-CC8B-77BC-B620649A03AB}.Debug|x86.Build.0 = Debug|Any CPU
		{9233E94B-0318-CC8B-77BC-B620649A03AB}.Release|Any CPU.ActiveCfg = Release|Any CPU
		{9233E94B-0318-CC8B-77BC-B620649A03AB}.Release|Any CPU.Build.0 = Release|Any CPU
		{9233E94B-0318-CC8B-77BC-B620649A03AB}.Release|x64.ActiveCfg = Release|Any CPU
		{9233E94B-0318-CC8B-77BC-B620649A03AB}.Release|x64.Build.0 = Release|Any CPU
		{9233E94B-0318-CC8B-77BC-B620649A03AB}.Release|x86.ActiveCfg = Release|Any CPU
		{9233E94B-0318-CC8B-77BC-B620649A03AB}.Release|x86.Build.0 = Release|Any CPU
		{4BE034A9-37C4-8658-186E-C502F8CE8194}.Debug|Any CPU.ActiveCfg = Debug|x64
		{4BE034A9-37C4-8658-186E-C502F8CE8194}.Debug|Any CPU.Build.0 = Debug|x64
		{4BE034A9-37C4-8658-186E-C502F8CE8194}.Debug|x64.ActiveCfg = Debug|x64
		{4BE034A9-37C4-8658-186E-C502F8CE8194}.Debug|x64.Build.0 = Debug|x64
		{4BE034A9-37C4-8658-186E-C502F8CE8194}.Debug|x86.ActiveCfg = Debug|Win32
		{4BE034A9-37C4-8658-186E-C502F8CE8194}.Debug|x86.Build.0 = Debug|Win32
		{4BE034A9-37C4-8658-186E-C502F8CE8194}.Release|Any CPU.ActiveCfg = Release|x64
		{4BE034A9-37C4-8658-186E-C502F8CE8194}.Release|Any CPU.Build.0 = Release|x64
		{4BE034A9-37C4-8658-186E-C502F8CE8194}.Release|x64.ActiveCfg = Release|x64
		{4BE034A9-37C4-8658-186E-C502F8CE8194}.Release|x64.Build.0 = Release|x64
		{4BE034A9-37C4-8658-186E-C502F8CE8194}.Release|x86.ActiveCfg = Release|Win32
		{4BE034A9-37C4-8658-186E-C502F8CE8194}.Release|x86.Build.0 = Release|Win32
		{1EDE1A18-D32B-9AEE-187A-49D882725EB7}.Debug|Any CPU.ActiveCfg = Debug|Any CPU
		{1EDE1A18-D32B-9AEE-187A-49D882725EB7}.Debug|Any CPU.Build.0 = Debug|Any CPU
		{1EDE1A18-D32B-9AEE-187A-49D882725EB7}.Debug|x64.ActiveCfg = Debug|Any CPU
		{1EDE1A18-D32B-9AEE-187A-49D882725EB7}.Debug|x64.Build.0 = Debug|Any CPU
		{1EDE1A18-D32B-9AEE-187A-49D882725EB7}.Debug|x86.ActiveCfg = Debug|Any CPU
		{1EDE1A18-D32B-9AEE-187A-49D882725EB7}.Debug|x86.Build.0 = Debug|Any CPU
		{1EDE1A18-D32B-9AEE-187A-49D882725EB7}.Release|Any CPU.ActiveCfg = Release|Any CPU
		{1EDE1A18-D32B-9AEE-187A-49D882725EB7}.Release|Any CPU.Build.0 = Release|Any CPU
		{1EDE1A18-D32B-9AEE-187A-49D882725EB7}.Release|x64.ActiveCfg = Release|Any CPU
		{1EDE1A18-D32B-9AEE-187A-49D882725EB7}.Release|x64.Build.0 = Release|Any CPU
		{1EDE1A18-D32B-9AEE-187A-49D882725EB7}.Release|x86.ActiveCfg = Release|Any CPU
		{1EDE1A18-D32B-9AEE-187A-49D882725EB7}.Release|x86.Build.0 = Release|Any CPU
	EndGlobalSection
	GlobalSection(SolutionProperties) = preSolution
		HideSolutionNode = FALSE
	EndGlobalSection
	GlobalSection(ExtensibilityGlobals) = postSolution
		SolutionGuid = {0DB08790-4C34-45CA-BDAD-88FC3ECCD278}
	EndGlobalSection
EndGlobal
